// !$*UTF8*$!
{
	archiveVersion = 1;
	classes = {
	};
	objectVersion = 50;
	objects = {

/* Begin PBXBuildFile section */
		68C57B9B23B1D33B0032CF40 /* AppDelegate.swift in Sources */ = {isa = PBXBuildFile; fileRef = 68C57B9A23B1D33B0032CF40 /* AppDelegate.swift */; };
		68C57B9D23B1D33B0032CF40 /* SceneDelegate.swift in Sources */ = {isa = PBXBuildFile; fileRef = 68C57B9C23B1D33B0032CF40 /* SceneDelegate.swift */; };
		68C57B9F23B1D33B0032CF40 /* ViewController.swift in Sources */ = {isa = PBXBuildFile; fileRef = 68C57B9E23B1D33B0032CF40 /* ViewController.swift */; };
		68C57BA223B1D33B0032CF40 /* Main.storyboard in Resources */ = {isa = PBXBuildFile; fileRef = 68C57BA023B1D33B0032CF40 /* Main.storyboard */; };
		68C57BA423B1D33D0032CF40 /* Assets.xcassets in Resources */ = {isa = PBXBuildFile; fileRef = 68C57BA323B1D33D0032CF40 /* Assets.xcassets */; };
		68C57BA723B1D33D0032CF40 /* LaunchScreen.storyboard in Resources */ = {isa = PBXBuildFile; fileRef = 68C57BA523B1D33D0032CF40 /* LaunchScreen.storyboard */; };
		A2EB31DA6DF3D762A3A98BD7 /* Pods_ProtoType_App.framework in Frameworks */ = {isa = PBXBuildFile; fileRef = B741BD43783993453FB4D4AB /* Pods_ProtoType_App.framework */; };
/* End PBXBuildFile section */

/* Begin PBXFileReference section */
		09D6E82C3917340E40ABE717 /* Pods-ProtoType_App.release.xcconfig */ = {isa = PBXFileReference; includeInIndex = 1; lastKnownFileType = text.xcconfig; name = "Pods-ProtoType_App.release.xcconfig"; path = "Target Support Files/Pods-ProtoType_App/Pods-ProtoType_App.release.xcconfig"; sourceTree = "<group>"; };
		68C57B9723B1D33B0032CF40 /* ProtoType_App.app */ = {isa = PBXFileReference; explicitFileType = wrapper.application; includeInIndex = 0; path = ProtoType_App.app; sourceTree = BUILT_PRODUCTS_DIR; };
		68C57B9A23B1D33B0032CF40 /* AppDelegate.swift */ = {isa = PBXFileReference; lastKnownFileType = sourcecode.swift; path = AppDelegate.swift; sourceTree = "<group>"; };
		68C57B9C23B1D33B0032CF40 /* SceneDelegate.swift */ = {isa = PBXFileReference; lastKnownFileType = sourcecode.swift; path = SceneDelegate.swift; sourceTree = "<group>"; };
		68C57B9E23B1D33B0032CF40 /* ViewController.swift */ = {isa = PBXFileReference; lastKnownFileType = sourcecode.swift; path = ViewController.swift; sourceTree = "<group>"; };
		68C57BA123B1D33B0032CF40 /* Base */ = {isa = PBXFileReference; lastKnownFileType = file.storyboard; name = Base; path = Base.lproj/Main.storyboard; sourceTree = "<group>"; };
		68C57BA323B1D33D0032CF40 /* Assets.xcassets */ = {isa = PBXFileReference; lastKnownFileType = folder.assetcatalog; path = Assets.xcassets; sourceTree = "<group>"; };
		68C57BA623B1D33D0032CF40 /* Base */ = {isa = PBXFileReference; lastKnownFileType = file.storyboard; name = Base; path = Base.lproj/LaunchScreen.storyboard; sourceTree = "<group>"; };
		68C57BA823B1D33D0032CF40 /* Info.plist */ = {isa = PBXFileReference; lastKnownFileType = text.plist.xml; path = Info.plist; sourceTree = "<group>"; };
		B741BD43783993453FB4D4AB /* Pods_ProtoType_App.framework */ = {isa = PBXFileReference; explicitFileType = wrapper.framework; includeInIndex = 0; path = Pods_ProtoType_App.framework; sourceTree = BUILT_PRODUCTS_DIR; };
		C4BE78ED5E8C37C5B031EC0D /* Pods-ProtoType_App.debug.xcconfig */ = {isa = PBXFileReference; includeInIndex = 1; lastKnownFileType = text.xcconfig; name = "Pods-ProtoType_App.debug.xcconfig"; path = "Target Support Files/Pods-ProtoType_App/Pods-ProtoType_App.debug.xcconfig"; sourceTree = "<group>"; };
/* End PBXFileReference section */

/* Begin PBXFrameworksBuildPhase section */
		68C57B9423B1D33B0032CF40 /* Frameworks */ = {
			isa = PBXFrameworksBuildPhase;
			buildActionMask = 2147483647;
			files = (
				A2EB31DA6DF3D762A3A98BD7 /* Pods_ProtoType_App.framework in Frameworks */,
			);
			runOnlyForDeploymentPostprocessing = 0;
		};
/* End PBXFrameworksBuildPhase section */

/* Begin PBXGroup section */
		1B84D9AD3119624E3D4F032E /* Pods */ = {
			isa = PBXGroup;
			children = (
				C4BE78ED5E8C37C5B031EC0D /* Pods-ProtoType_App.debug.xcconfig */,
				09D6E82C3917340E40ABE717 /* Pods-ProtoType_App.release.xcconfig */,
			);
			name = Pods;
			path = Pods;
			sourceTree = "<group>";
		};
		68C57B8E23B1D33B0032CF40 = {
			isa = PBXGroup;
			children = (
				68C57B9923B1D33B0032CF40 /* ProtoType_App */,
				68C57B9823B1D33B0032CF40 /* Products */,
				1B84D9AD3119624E3D4F032E /* Pods */,
				E064889AC725408FB0158BD0 /* Frameworks */,
			);
			sourceTree = "<group>";
		};
		68C57B9823B1D33B0032CF40 /* Products */ = {
			isa = PBXGroup;
			children = (
				68C57B9723B1D33B0032CF40 /* ProtoType_App.app */,
			);
			name = Products;
			sourceTree = "<group>";
		};
		68C57B9923B1D33B0032CF40 /* ProtoType_App */ = {
			isa = PBXGroup;
			children = (
				68C57B9A23B1D33B0032CF40 /* AppDelegate.swift */,
				68C57B9C23B1D33B0032CF40 /* SceneDelegate.swift */,
				68C57B9E23B1D33B0032CF40 /* ViewController.swift */,
				68C57BA023B1D33B0032CF40 /* Main.storyboard */,
				68C57BA323B1D33D0032CF40 /* Assets.xcassets */,
				68C57BA523B1D33D0032CF40 /* LaunchScreen.storyboard */,
				68C57BA823B1D33D0032CF40 /* Info.plist */,
			);
			path = ProtoType_App;
			sourceTree = "<group>";
		};
		E064889AC725408FB0158BD0 /* Frameworks */ = {
			isa = PBXGroup;
			children = (
				B741BD43783993453FB4D4AB /* Pods_ProtoType_App.framework */,
			);
			name = Frameworks;
			sourceTree = "<group>";
		};
/* End PBXGroup section */

/* Begin PBXNativeTarget section */
		68C57B9623B1D33B0032CF40 /* ProtoType_App */ = {
			isa = PBXNativeTarget;
			buildConfigurationList = 68C57BAB23B1D33D0032CF40 /* Build configuration list for PBXNativeTarget "ProtoType_App" */;
			buildPhases = (
				C0FA279B8C9C7D30D9412ED4 /* [CP] Check Pods Manifest.lock */,
				68C57B9323B1D33B0032CF40 /* Sources */,
				68C57B9423B1D33B0032CF40 /* Frameworks */,
				68C57B9523B1D33B0032CF40 /* Resources */,
				C4C5B59E55E4EB542A4B7673 /* [CP] Embed Pods Frameworks */,
			);
			buildRules = (
			);
			dependencies = (
			);
			name = ProtoType_App;
			productName = ProtoType_App;
			productReference = 68C57B9723B1D33B0032CF40 /* ProtoType_App.app */;
			productType = "com.apple.product-type.application";
		};
/* End PBXNativeTarget section */

/* Begin PBXProject section */
		68C57B8F23B1D33B0032CF40 /* Project object */ = {
			isa = PBXProject;
			attributes = {
				LastSwiftUpdateCheck = 1120;
				LastUpgradeCheck = 1120;
				ORGANIZATIONNAME = "kiwamu iha";
				TargetAttributes = {
					68C57B9623B1D33B0032CF40 = {
						CreatedOnToolsVersion = 11.2.1;
					};
				};
			};
			buildConfigurationList = 68C57B9223B1D33B0032CF40 /* Build configuration list for PBXProject "ProtoType_App" */;
			compatibilityVersion = "Xcode 9.3";
			developmentRegion = en;
			hasScannedForEncodings = 0;
			knownRegions = (
				en,
				Base,
			);
			mainGroup = 68C57B8E23B1D33B0032CF40;
			productRefGroup = 68C57B9823B1D33B0032CF40 /* Products */;
			projectDirPath = "";
			projectRoot = "";
			targets = (
				68C57B9623B1D33B0032CF40 /* ProtoType_App */,
			);
		};
/* End PBXProject section */

/* Begin PBXResourcesBuildPhase section */
		68C57B9523B1D33B0032CF40 /* Resources */ = {
			isa = PBXResourcesBuildPhase;
			buildActionMask = 2147483647;
			files = (
				68C57BA723B1D33D0032CF40 /* LaunchScreen.storyboard in Resources */,
				68C57BA423B1D33D0032CF40 /* Assets.xcassets in Resources */,
				68C57BA223B1D33B0032CF40 /* Main.storyboard in Resources */,
			);
			runOnlyForDeploymentPostprocessing = 0;
		};
/* End PBXResourcesBuildPhase section */

/* Begin PBXShellScriptBuildPhase section */
		C0FA279B8C9C7D30D9412ED4 /* [CP] Check Pods Manifest.lock */ = {
			isa = PBXShellScriptBuildPhase;
			buildActionMask = 2147483647;
			files = (
			);
			inputFileListPaths = (
			);
			inputPaths = (
				"${PODS_PODFILE_DIR_PATH}/Podfile.lock",
				"${PODS_ROOT}/Manifest.lock",
			);
			name = "[CP] Check Pods Manifest.lock";
			outputFileListPaths = (
			);
			outputPaths = (
				"$(DERIVED_FILE_DIR)/Pods-ProtoType_App-checkManifestLockResult.txt",
			);
			runOnlyForDeploymentPostprocessing = 0;
			shellPath = /bin/sh;
			shellScript = "diff \"${PODS_PODFILE_DIR_PATH}/Podfile.lock\" \"${PODS_ROOT}/Manifest.lock\" > /dev/null\nif [ $? != 0 ] ; then\n    # print error to STDERR\n    echo \"error: The sandbox is not in sync with the Podfile.lock. Run 'pod install' or update your CocoaPods installation.\" >&2\n    exit 1\nfi\n# This output is used by Xcode 'outputs' to avoid re-running this script phase.\necho \"SUCCESS\" > \"${SCRIPT_OUTPUT_FILE_0}\"\n";
			showEnvVarsInLog = 0;
		};
		C4C5B59E55E4EB542A4B7673 /* [CP] Embed Pods Frameworks */ = {
			isa = PBXShellScriptBuildPhase;
			buildActionMask = 2147483647;
			files = (
			);
			inputFileListPaths = (
				"${PODS_ROOT}/Target Support Files/Pods-ProtoType_App/Pods-ProtoType_App-frameworks-${CONFIGURATION}-input-files.xcfilelist",
			);
			name = "[CP] Embed Pods Frameworks";
			outputFileListPaths = (
				"${PODS_ROOT}/Target Support Files/Pods-ProtoType_App/Pods-ProtoType_App-frameworks-${CONFIGURATION}-output-files.xcfilelist",
			);
			runOnlyForDeploymentPostprocessing = 0;
			shellPath = /bin/sh;
			shellScript = "\"${PODS_ROOT}/Target Support Files/Pods-ProtoType_App/Pods-ProtoType_App-frameworks.sh\"\n";
			showEnvVarsInLog = 0;
		};
/* End PBXShellScriptBuildPhase section */

/* Begin PBXSourcesBuildPhase section */
		68C57B9323B1D33B0032CF40 /* Sources */ = {
			isa = PBXSourcesBuildPhase;
			buildActionMask = 2147483647;
			files = (
				68C57B9F23B1D33B0032CF40 /* ViewController.swift in Sources */,
				68C57B9B23B1D33B0032CF40 /* AppDelegate.swift in Sources */,
				68C57B9D23B1D33B0032CF40 /* SceneDelegate.swift in Sources */,
			);
			runOnlyForDeploymentPostprocessing = 0;
		};
/* End PBXSourcesBuildPhase section */

/* Begin PBXVariantGroup section */
		68C57BA023B1D33B0032CF40 /* Main.storyboard */ = {
			isa = PBXVariantGroup;
			children = (
				68C57BA123B1D33B0032CF40 /* Base */,
			);
			name = Main.storyboard;
			sourceTree = "<group>";
		};
		68C57BA523B1D33D0032CF40 /* LaunchScreen.storyboard */ = {
			isa = PBXVariantGroup;
			children = (
				68C57BA623B1D33D0032CF40 /* Base */,
			);
			name = LaunchScreen.storyboard;
			sourceTree = "<group>";
		};
/* End PBXVariantGroup section */

/* Begin XCBuildConfiguration section */
		68C57BA923B1D33D0032CF40 /* Debug */ = {
			isa = XCBuildConfiguration;
			buildSettings = {
				ALWAYS_SEARCH_USER_PATHS = NO;
				CLANG_ANALYZER_NONNULL = YES;
				CLANG_ANALYZER_NUMBER_OBJECT_CONVERSION = YES_AGGRESSIVE;
				CLANG_CXX_LANGUAGE_STANDARD = "gnu++14";
				CLANG_CXX_LIBRARY = "libc++";
				CLANG_ENABLE_MODULES = YES;
				CLANG_ENABLE_OBJC_ARC = YES;
				CLANG_ENABLE_OBJC_WEAK = YES;
				CLANG_WARN_BLOCK_CAPTURE_AUTORELEASING = YES;
				CLANG_WARN_BOOL_CONVERSION = YES;
				CLANG_WARN_COMMA = YES;
				CLANG_WARN_CONSTANT_CONVERSION = YES;
				CLANG_WARN_DEPRECATED_OBJC_IMPLEMENTATIONS = YES;
				CLANG_WARN_DIRECT_OBJC_ISA_USAGE = YES_ERROR;
				CLANG_WARN_DOCUMENTATION_COMMENTS = YES;
				CLANG_WARN_EMPTY_BODY = YES;
				CLANG_WARN_ENUM_CONVERSION = YES;
				CLANG_WARN_INFINITE_RECURSION = YES;
				CLANG_WARN_INT_CONVERSION = YES;
				CLANG_WARN_NON_LITERAL_NULL_CONVERSION = YES;
				CLANG_WARN_OBJC_IMPLICIT_RETAIN_SELF = YES;
				CLANG_WARN_OBJC_LITERAL_CONVERSION = YES;
				CLANG_WARN_OBJC_ROOT_CLASS = YES_ERROR;
				CLANG_WARN_RANGE_LOOP_ANALYSIS = YES;
				CLANG_WARN_STRICT_PROTOTYPES = YES;
				CLANG_WARN_SUSPICIOUS_MOVE = YES;
				CLANG_WARN_UNGUARDED_AVAILABILITY = YES_AGGRESSIVE;
				CLANG_WARN_UNREACHABLE_CODE = YES;
				CLANG_WARN__DUPLICATE_METHOD_MATCH = YES;
				COPY_PHASE_STRIP = NO;
				DEBUG_INFORMATION_FORMAT = dwarf;
				ENABLE_STRICT_OBJC_MSGSEND = YES;
				ENABLE_TESTABILITY = YES;
				GCC_C_LANGUAGE_STANDARD = gnu11;
				GCC_DYNAMIC_NO_PIC = NO;
				GCC_NO_COMMON_BLOCKS = YES;
				GCC_OPTIMIZATION_LEVEL = 0;
				GCC_PREPROCESSOR_DEFINITIONS = (
					"DEBUG=1",
					"$(inherited)",
				);
				GCC_WARN_64_TO_32_BIT_CONVERSION = YES;
				GCC_WARN_ABOUT_RETURN_TYPE = YES_ERROR;
				GCC_WARN_UNDECLARED_SELECTOR = YES;
				GCC_WARN_UNINITIALIZED_AUTOS = YES_AGGRESSIVE;
				GCC_WARN_UNUSED_FUNCTION = YES;
				GCC_WARN_UNUSED_VARIABLE = YES;
				IPHONEOS_DEPLOYMENT_TARGET = 13.2;
				MTL_ENABLE_DEBUG_INFO = INCLUDE_SOURCE;
				MTL_FAST_MATH = YES;
				ONLY_ACTIVE_ARCH = YES;
				SDKROOT = iphoneos;
				SWIFT_ACTIVE_COMPILATION_CONDITIONS = DEBUG;
				SWIFT_OPTIMIZATION_LEVEL = "-Onone";
			};
			name = Debug;
		};
		68C57BAA23B1D33D0032CF40 /* Release */ = {
			isa = XCBuildConfiguration;
			buildSettings = {
				ALWAYS_SEARCH_USER_PATHS = NO;
				CLANG_ANALYZER_NONNULL = YES;
				CLANG_ANALYZER_NUMBER_OBJECT_CONVERSION = YES_AGGRESSIVE;
				CLANG_CXX_LANGUAGE_STANDARD = "gnu++14";
				CLANG_CXX_LIBRARY = "libc++";
				CLANG_ENABLE_MODULES = YES;
				CLANG_ENABLE_OBJC_ARC = YES;
				CLANG_ENABLE_OBJC_WEAK = YES;
				CLANG_WARN_BLOCK_CAPTURE_AUTORELEASING = YES;
				CLANG_WARN_BOOL_CONVERSION = YES;
				CLANG_WARN_COMMA = YES;
				CLANG_WARN_CONSTANT_CONVERSION = YES;
				CLANG_WARN_DEPRECATED_OBJC_IMPLEMENTATIONS = YES;
				CLANG_WARN_DIRECT_OBJC_ISA_USAGE = YES_ERROR;
				CLANG_WARN_DOCUMENTATION_COMMENTS = YES;
				CLANG_WARN_EMPTY_BODY = YES;
				CLANG_WARN_ENUM_CONVERSION = YES;
				CLANG_WARN_INFINITE_RECURSION = YES;
				CLANG_WARN_INT_CONVERSION = YES;
				CLANG_WARN_NON_LITERAL_NULL_CONVERSION = YES;
				CLANG_WARN_OBJC_IMPLICIT_RETAIN_SELF = YES;
				CLANG_WARN_OBJC_LITERAL_CONVERSION = YES;
				CLANG_WARN_OBJC_ROOT_CLASS = YES_ERROR;
				CLANG_WARN_RANGE_LOOP_ANALYSIS = YES;
				CLANG_WARN_STRICT_PROTOTYPES = YES;
				CLANG_WARN_SUSPICIOUS_MOVE = YES;
				CLANG_WARN_UNGUARDED_AVAILABILITY = YES_AGGRESSIVE;
				CLANG_WARN_UNREACHABLE_CODE = YES;
				CLANG_WARN__DUPLICATE_METHOD_MATCH = YES;
				COPY_PHASE_STRIP = NO;
				DEBUG_INFORMATION_FORMAT = "dwarf-with-dsym";
				ENABLE_NS_ASSERTIONS = NO;
				ENABLE_STRICT_OBJC_MSGSEND = YES;
				GCC_C_LANGUAGE_STANDARD = gnu11;
				GCC_NO_COMMON_BLOCKS = YES;
				GCC_WARN_64_TO_32_BIT_CONVERSION = YES;
				GCC_WARN_ABOUT_RETURN_TYPE = YES_ERROR;
				GCC_WARN_UNDECLARED_SELECTOR = YES;
				GCC_WARN_UNINITIALIZED_AUTOS = YES_AGGRESSIVE;
				GCC_WARN_UNUSED_FUNCTION = YES;
				GCC_WARN_UNUSED_VARIABLE = YES;
				IPHONEOS_DEPLOYMENT_TARGET = 13.2;
				MTL_ENABLE_DEBUG_INFO = NO;
				MTL_FAST_MATH = YES;
				SDKROOT = iphoneos;
				SWIFT_COMPILATION_MODE = wholemodule;
				SWIFT_OPTIMIZATION_LEVEL = "-O";
				VALIDATE_PRODUCT = YES;
			};
			name = Release;
		};
		68C57BAC23B1D33D0032CF40 /* Debug */ = {
			isa = XCBuildConfiguration;
			baseConfigurationReference = C4BE78ED5E8C37C5B031EC0D /* Pods-ProtoType_App.debug.xcconfig */;
			buildSettings = {
				ASSETCATALOG_COMPILER_APPICON_NAME = AppIcon;
				CODE_SIGN_STYLE = Automatic;
				INFOPLIST_FILE = ProtoType_App/Info.plist;
				LD_RUNPATH_SEARCH_PATHS = (
					"$(inherited)",
					"@executable_path/Frameworks",
				);
				PRODUCT_BUNDLE_IDENTIFIER = "com.ProtoType-App";
				PRODUCT_NAME = "$(TARGET_NAME)";
				SWIFT_VERSION = 5.0;
				TARGETED_DEVICE_FAMILY = "1,2";
			};
			name = Debug;
		};
		68C57BAD23B1D33D0032CF40 /* Release */ = {
			isa = XCBuildConfiguration;
			baseConfigurationReference = 09D6E82C3917340E40ABE717 /* Pods-ProtoType_App.release.xcconfig */;
			buildSettings = {
				ASSETCATALOG_COMPILER_APPICON_NAME = AppIcon;
				CODE_SIGN_STYLE = Automatic;
				INFOPLIST_FILE = ProtoType_App/Info.plist;
				LD_RUNPATH_SEARCH_PATHS = (
					"$(inherited)",
					"@executable_path/Frameworks",
				);
				PRODUCT_BUNDLE_IDENTIFIER = "com.ProtoType-App";
				PRODUCT_NAME = "$(TARGET_NAME)";
				SWIFT_VERSION = 5.0;
				TARGETED_DEVICE_FAMILY = "1,2";
			};
			name = Release;
		};
/* End XCBuildConfiguration section */

/* Begin XCConfigurationList section */
		68C57B9223B1D33B0032CF40 /* Build configuration list for PBXProject "ProtoType_App" */ = {
			isa = XCConfigurationList;
			buildConfigurations = (
				68C57BA923B1D33D0032CF40 /* Debug */,
				68C57BAA23B1D33D0032CF40 /* Release */,
			);
			defaultConfigurationIsVisible = 0;
			defaultConfigurationName = Release;
		};
		68C57BAB23B1D33D0032CF40 /* Build configuration list for PBXNativeTarget "ProtoType_App" */ = {
			isa = XCConfigurationList;
			buildConfigurations = (
				68C57BAC23B1D33D0032CF40 /* Debug */,
				68C57BAD23B1D33D0032CF40 /* Release */,
			);
			defaultConfigurationIsVisible = 0;
			defaultConfigurationName = Release;
		};
/* End XCConfigurationList section */
	};
	rootObject = 68C57B8F23B1D33B0032CF40 /* Project object */;
}
